
Microsoft Visual Studio Solution File, Format Version 12.00
# Visual Studio Version 16
VisualStudioVersion = 16.0.32126.315
MinimumVisualStudioVersion = 10.0.40219.1
Project("{8BC9CEB8-8B4A-11D0-8D11-00A0C91BC942}") = "对象", "对象\对象.vcxproj", "{58E52970-4174-4775-BD4A-872BFB8B1F43}"
EndProject
Global
	GlobalSection(SolutionConfigurationPlatforms) = preSolution
		Debug|x64 = Debug|x64
		Debug|x86 = Debug|x86
		Release|x64 = Release|x64
		Release|x86 = Release|x86
	EndGlobalSection
	GlobalSection(ProjectConfigurationPlatforms) = postSolution
		{58E52970-4174-4775-BD4A-872BFB8B1F43}.Debug|x64.ActiveCfg = Debug|x64
		{58E52970-4174-4775-BD4A-872BFB8B1F43}.Debug|x64.Build.0 = Debug|x64
		{58E52970-4174-4775-BD4A-872BFB8B1F43}.Debug|x86.ActiveCfg = Debug|Win32
		{58E52970-4174-4775-BD4A-872BFB8B1F43}.Debug|x86.Build.0 = Debug|Win32
		{58E52970-4174-4775-BD4A-872BFB8B1F43}.Release|x64.ActiveCfg = Release|x64
		{58E52970-4174-4775-BD4A-872BFB8B1F43}.Release|x64.Build.0 = Release|x64
		{58E52970-4174-4775-BD4A-872BFB8B1F43}.Release|x86.ActiveCfg = Release|Win32
		{58E52970-4174-4775-BD4A-872BFB8B1F43}.Release|x86.Build.0 = Release|Win32
	EndGlobalSection
	GlobalSection(SolutionProperties) = preSolution
		HideSolutionNode = FALSE
	EndGlobalSection
	GlobalSection(ExtensibilityGlobals) = postSolution
		SolutionGuid = {2EF66D2D-EC72-46AB-9508-D74263A4B841}
	EndGlobalSection
EndGlobal
